
Microsoft Visual Studio Solution File, Format Version 12.00
# Visual Studio Version 16
VisualStudioVersion = 16.0.29230.47
MinimumVisualStudioVersion = 10.0.40219.1
Project("{8BC9CEB8-8B4A-11D0-8D11-00A0C91BC942}") = "DSA final project", "DSA final project.vcxproj", "{A84EB452-1737-4B33-A253-31C99C64D59C}"
EndProject
Global
	GlobalSection(SolutionConfigurationPlatforms) = preSolution
		Debug|x64 = Debug|x64
		Debug|x86 = Debug|x86
		Release|x64 = Release|x64
		Release|x86 = Release|x86
	EndGlobalSection
	GlobalSection(ProjectConfigurationPlatforms) = postSolution
		{A84EB452-1737-4B33-A253-31C99C64D59C}.Debug|x64.ActiveCfg = Debug|x64
		{A84EB452-1737-4B33-A253-31C99C64D59C}.Debug|x64.Build.0 = Debug|x64
		{A84EB452-1737-4B33-A253-31C99C64D59C}.Debug|x86.ActiveCfg = Debug|Win32
		{A84EB452-1737-4B33-A253-31C99C64D59C}.Debug|x86.Build.0 = Debug|Win32
		{A84EB452-1737-4B33-A253-31C99C64D59C}.Release|x64.ActiveCfg = Release|x64
		{A84EB452-1737-4B33-A253-31C99C64D59C}.Release|x64.Build.0 = Release|x64
		{A84EB452-1737-4B33-A253-31C99C64D59C}.Release|x86.ActiveCfg = Release|Win32
		{A84EB452-1737-4B33-A253-31C99C64D59C}.Release|x86.Build.0 = Release|Win32
	EndGlobalSection
	GlobalSection(SolutionProperties) = preSolution
		HideSolutionNode = FALSE
	EndGlobalSection
	GlobalSection(ExtensibilityGlobals) = postSolution
		SolutionGuid = {A8BA3983-A34A-4B6D-9FF7-E1329859C9F7}
	EndGlobalSection
EndGlobal
